
Microsoft Visual Studio Solution File, Format Version 12.00
# Visual Studio Version 17
VisualStudioVersion = 17.9.34407.89
MinimumVisualStudioVersion = 10.0.40219.1
Project("{FAE04EC0-301F-11D3-BF4B-00C04F79EFBC}") = "ConsoleApp", "ConsoleApp\ConsoleApp.csproj", "{33744FA6-2318-4502-9253-DDDE67602B07}"
EndProject
Global
	GlobalSection(SolutionConfigurationPlatforms) = preSolution
		Debug|Any CPU = Debug|Any CPU
		Release|Any CPU = Release|Any CPU
	EndGlobalSection
	GlobalSection(ProjectConfigurationPlatforms) = postSolution
		{33744FA6-2318-4502-9253-DDDE67602B07}.Debug|Any CPU.ActiveCfg = Debug|Any CPU
		{33744FA6-2318-4502-9253-DDDE67602B07}.Debug|Any CPU.Build.0 = Debug|Any CPU
		{33744FA6-2318-4502-9253-DDDE67602B07}.Release|Any CPU.ActiveCfg = Release|Any CPU
		{33744FA6-2318-4502-9253-DDDE67602B07}.Release|Any CPU.Build.0 = Release|Any CPU
	EndGlobalSection
	GlobalSection(SolutionProperties) = preSolution
		HideSolutionNode = FALSE
	EndGlobalSection
	GlobalSection(ExtensibilityGlobals) = postSolution
		SolutionGuid = {56B7DEF6-0A6E-4A12-A065-1337772B1339}
	EndGlobalSection
EndGlobal
